
Microsoft Visual Studio Solution File, Format Version 12.00
# Visual Studio Version 17
VisualStudioVersion = 17.2.32616.157
MinimumVisualStudioVersion = 10.0.40219.1
Project("{9A19103F-16F7-4668-BE54-9A1E7A4F7556}") = "Luciful", "Luciful.csproj", "{E9798BE6-FE02-4B45-8587-5386BE9A8E9D}"
EndProject
Global
	GlobalSection(SolutionConfigurationPlatforms) = preSolution
		Debug|Any CPU = Debug|Any CPU
		Release|Any CPU = Release|Any CPU
	EndGlobalSection
	GlobalSection(ProjectConfigurationPlatforms) = postSolution
		{E9798BE6-FE02-4B45-8587-5386BE9A8E9D}.Debug|Any CPU.ActiveCfg = Debug|Any CPU
		{E9798BE6-FE02-4B45-8587-5386BE9A8E9D}.Debug|Any CPU.Build.0 = Debug|Any CPU
		{E9798BE6-FE02-4B45-8587-5386BE9A8E9D}.Release|Any CPU.ActiveCfg = Release|Any CPU
		{E9798BE6-FE02-4B45-8587-5386BE9A8E9D}.Release|Any CPU.Build.0 = Release|Any CPU
	EndGlobalSection
	GlobalSection(SolutionProperties) = preSolution
		HideSolutionNode = FALSE
	EndGlobalSection
	GlobalSection(ExtensibilityGlobals) = postSolution
		SolutionGuid = {B3DA7550-8F5E-4DC8-90CB-EBEA869965AE}
	EndGlobalSection
EndGlobal
